
Microsoft Visual Studio Solution File, Format Version 12.00
# Visual Studio Version 17
VisualStudioVersion = 17.11.35222.181
MinimumVisualStudioVersion = 10.0.40219.1
Project("{9A19103F-16F7-4668-BE54-9A1E7A4F7556}") = "Тумаков - Лабораторная 12 главы", "Тумаков - Лабораторная 12 главы\Тумаков - Лабораторная 12 главы.csproj", "{81A608EF-0933-48DE-8892-DAA28EB0223A}"
EndProject
Project("{FAE04EC0-301F-11D3-BF4B-00C04F79EFBC}") = "Задания", "Задания\Задания.csproj", "{8F981343-66DB-4D61-864C-ADD2403A58A3}"
EndProject
Global
	GlobalSection(SolutionConfigurationPlatforms) = preSolution
		Debug|Any CPU = Debug|Any CPU
		Release|Any CPU = Release|Any CPU
	EndGlobalSection
	GlobalSection(ProjectConfigurationPlatforms) = postSolution
		{81A608EF-0933-48DE-8892-DAA28EB0223A}.Debug|Any CPU.ActiveCfg = Debug|Any CPU
		{81A608EF-0933-48DE-8892-DAA28EB0223A}.Debug|Any CPU.Build.0 = Debug|Any CPU
		{81A608EF-0933-48DE-8892-DAA28EB0223A}.Release|Any CPU.ActiveCfg = Release|Any CPU
		{81A608EF-0933-48DE-8892-DAA28EB0223A}.Release|Any CPU.Build.0 = Release|Any CPU
		{8F981343-66DB-4D61-864C-ADD2403A58A3}.Debug|Any CPU.ActiveCfg = Debug|Any CPU
		{8F981343-66DB-4D61-864C-ADD2403A58A3}.Debug|Any CPU.Build.0 = Debug|Any CPU
		{8F981343-66DB-4D61-864C-ADD2403A58A3}.Release|Any CPU.ActiveCfg = Release|Any CPU
		{8F981343-66DB-4D61-864C-ADD2403A58A3}.Release|Any CPU.Build.0 = Release|Any CPU
	EndGlobalSection
	GlobalSection(SolutionProperties) = preSolution
		HideSolutionNode = FALSE
	EndGlobalSection
	GlobalSection(ExtensibilityGlobals) = postSolution
		SolutionGuid = {C37D3FD3-E6B0-4F9B-8BD4-1DD6F74568B1}
	EndGlobalSection
EndGlobal
